<?xml version="1.0" encoding="UTF-8"?>
<Scheme
   LastUpgradeVersion = "0800"
   version = "1.3">
   <BuildAction
      parallelizeBuildables = "YES"
      buildImplicitDependencies = "YES">
      <BuildActionEntries>
         <BuildActionEntry
            buildForTesting = "YES"
            buildForRunning = "YES"
            buildForProfiling = "YES"
            buildForArchiving = "YES"
            buildForAnalyzing = "YES">
            <BuildableReference
               BuildableIdentifier = "primary"
               BlueprintIdentifier = "D5A485C81B48DBC3005A8973"
               BuildableName = "BluetoothTest WatchKit App.app"
               BlueprintName = "BluetoothTest WatchKit App"
               ReferencedContainer = "container:BluetoothTest.xcodeproj">
            </BuildableReference>
         </BuildActionEntry>
         <BuildActionEntry
            buildForTesting = "YES"
            buildForRunning = "YES"
            buildForProfiling = "YES"
            buildForArchiving = "YES"
            buildForAnalyzing = "YES">
            <BuildableReference
               BuildableIdentifier = "primary"
               BlueprintIdentifier = "D5A485BD1B48DBC3005A8973"
               BuildableName = "BluetoothTest WatchKit Extension.appex"
               BlueprintName = "BluetoothTest WatchKit Extension"
               ReferencedContainer = "container:BluetoothTest.xcodeproj">
            </BuildableReference>
         </BuildActionEntry>
         <BuildActionEntry
            buildForTesting = "YES"
            buildForRunning = "YES"
            buildForProfiling = "YES"
            buildForArchiving = "YES"
            buildForAnalyzing = "YES">
            <BuildableReference
               BuildableIdentifier = "primary"
               BlueprintIdentifier = "D5A485581B48CDD2005A8973"
               BuildableName = "BluetoothTest.app"
               BlueprintName = "BluetoothTest"
               ReferencedContainer = "container:BluetoothTest.xcodeproj">
            </BuildableReference>
         </BuildActionEntry>
      </BuildActionEntries>
   </BuildAction>
   <TestAction
      buildConfiguration = "Debug"
      selectedDebuggerIdentifier = "Xcode.DebuggerFoundation.Debugger.LLDB"
      selectedLauncherIdentifier = "Xcode.DebuggerFoundation.Launcher.LLDB"
      shouldUseLaunchSchemeArgsEnv = "YES">
      <Testables>
      </Testables>
      <MacroExpansion>
         <BuildableReference
            BuildableIdentifier = "primary"
            BlueprintIdentifier = "D5A485C81B48DBC3005A8973"
            BuildableName = "BluetoothTest WatchKit App.app"
            BlueprintName = "BluetoothTest WatchKit App"
            ReferencedContainer = "container:BluetoothTest.xcodeproj">
         </BuildableReference>
      </MacroExpansion>
      <AdditionalOptions>
      </AdditionalOptions>
   </TestAction>
   <LaunchAction
      buildConfiguration = "Debug"
      selectedDebuggerIdentifier = "Xcode.DebuggerFoundation.Debugger.LLDB"
      selectedLauncherIdentifier = "Xcode.DebuggerFoundation.Launcher.LLDB"
      launchStyle = "0"
      useCustomWorkingDirectory = "NO"
      ignoresPersistentStateOnLaunch = "NO"
      debugDocumentVersioning = "YES"
      debugServiceExtension = "internal"
      allowLocationSimulation = "YES">
      <RemoteRunnable
         runnableDebuggingMode = "2"
         BundleIdentifier = "com.apple.springboard"
         RemotePath = "/BluetoothTest">
         <BuildableReference
            BuildableIdentifier = "primary"
            BlueprintIdentifier = "D5A485C81B48DBC3005A8973"
            BuildableName = "BluetoothTest WatchKit App.app"
            BlueprintName = "BluetoothTest WatchKit App"
            ReferencedContainer = "container:BluetoothTest.xcodeproj">
         </BuildableReference>
      </RemoteRunnable>
      <MacroExpansion>
         <BuildableReference
            BuildableIdentifier = "primary"
            BlueprintIdentifier = "D5A485C81B48DBC3005A8973"
            BuildableName = "BluetoothTest WatchKit App.app"
            BlueprintName = "BluetoothTest WatchKit App"
            ReferencedContainer = "container:BluetoothTest.xcodeproj">
         </BuildableReference>
      </MacroExpansion>
      <AdditionalOptions>
      </AdditionalOptions>
   </LaunchAction>
   <ProfileAction
      buildConfiguration = "Release"
      shouldUseLaunchSchemeArgsEnv = "YES"
      savedToolIdentifier = ""
      useCustomWorkingDirectory = "NO"
      debugDocumentVersioning = "YES">
      <RemoteRunnable
         runnableDebuggingMode = "2"
         BundleIdentifier = "com.apple.springboard"
         RemotePath = "/BluetoothTest">
         <BuildableReference
            BuildableIdentifier = "primary"
            BlueprintIdentifier = "D5A485C81B48DBC3005A8973"
            BuildableName = "BluetoothTest WatchKit App.app"
            BlueprintName = "BluetoothTest WatchKit App"
            ReferencedContainer = "container:BluetoothTest.xcodeproj">
         </BuildableReference>
      </RemoteRunnable>
      <MacroExpansion>
         <BuildableReference
            BuildableIdentifier = "primary"
            BlueprintIdentifier = "D5A485C81B48DBC3005A8973"
            BuildableName = "BluetoothTest WatchKit App.app"
            BlueprintName = "BluetoothTest WatchKit App"
            ReferencedContainer = "container:BluetoothTest.xcodeproj">
         </BuildableReference>
      </MacroExpansion>
   </ProfileAction>
   <AnalyzeAction
      buildConfiguration = "Debug">
   </AnalyzeAction>
   <ArchiveAction
      buildConfiguration = "Release"
      revealArchiveInOrganizer = "YES">
   </ArchiveAction>
</Scheme>
