// !$*UTF8*$!
{
	archiveVersion = 1;
	classes = {
	};
	objectVersion = 46;
	objects = {

/* Begin PBXBuildFile section */
		D5A4855F1B48CDD2005A8973 /* main.m in Sources */ = {isa = PBXBuildFile; fileRef = D5A4855E1B48CDD2005A8973 /* main.m */; };
		D5A485621B48CDD2005A8973 /* AppDelegate.m in Sources */ = {isa = PBXBuildFile; fileRef = D5A485611B48CDD2005A8973 /* AppDelegate.m */; };
		D5A485651B48CDD2005A8973 /* ViewController.m in Sources */ = {isa = PBXBuildFile; fileRef = D5A485641B48CDD2005A8973 /* ViewController.m */; };
		D5A485681B48CDD2005A8973 /* Main.storyboard in Resources */ = {isa = PBXBuildFile; fileRef = D5A485661B48CDD2005A8973 /* Main.storyboard */; };
		D5A4856A1B48CDD2005A8973 /* Images.xcassets in Resources */ = {isa = PBXBuildFile; fileRef = D5A485691B48CDD2005A8973 /* Images.xcassets */; };
		D5A4856D1B48CDD2005A8973 /* LaunchScreen.xib in Resources */ = {isa = PBXBuildFile; fileRef = D5A4856B1B48CDD2005A8973 /* LaunchScreen.xib */; };
		D5A485791B48CDD2005A8973 /* BluetoothTestTests.m in Sources */ = {isa = PBXBuildFile; fileRef = D5A485781B48CDD2005A8973 /* BluetoothTestTests.m */; };
		D5A485841B48CEE0005A8973 /* AdvertiseViewController.m in Sources */ = {isa = PBXBuildFile; fileRef = D5A485831B48CEE0005A8973 /* AdvertiseViewController.m */; };
		D5A485871B48CF13005A8973 /* ScanViewController.m in Sources */ = {isa = PBXBuildFile; fileRef = D5A485861B48CF13005A8973 /* ScanViewController.m */; };
		D5A4858A1B48CF45005A8973 /* Advertiser.m in Sources */ = {isa = PBXBuildFile; fileRef = D5A485891B48CF45005A8973 /* Advertiser.m */; };
		D5A4858E1B48D1F9005A8973 /* Scanner.m in Sources */ = {isa = PBXBuildFile; fileRef = D5A4858D1B48D1F9005A8973 /* Scanner.m */; };
		D5E19F7E1D6C194A0062D299 /* CoreLocation.framework in Frameworks */ = {isa = PBXBuildFile; fileRef = D5E19F7D1D6C194A0062D299 /* CoreLocation.framework */; };
		D5E19F801D6C194E0062D299 /* CoreBluetooth.framework in Frameworks */ = {isa = PBXBuildFile; fileRef = D5E19F7F1D6C194E0062D299 /* CoreBluetooth.framework */; };
		D5E19F821D6C195B0062D299 /* libicucore.tbd in Frameworks */ = {isa = PBXBuildFile; fileRef = D5E19F811D6C195B0062D299 /* libicucore.tbd */; };
		D5E19F841D6C19630062D299 /* CFNetwork.framework in Frameworks */ = {isa = PBXBuildFile; fileRef = D5E19F831D6C19630062D299 /* CFNetwork.framework */; };
		D5E19F861D6C196A0062D299 /* Security.framework in Frameworks */ = {isa = PBXBuildFile; fileRef = D5E19F851D6C196A0062D299 /* Security.framework */; };
		D5E19F881D6C196E0062D299 /* Foundation.framework in Frameworks */ = {isa = PBXBuildFile; fileRef = D5E19F871D6C196E0062D299 /* Foundation.framework */; };
/* End PBXBuildFile section */

/* Begin PBXContainerItemProxy section */
		D5A485731B48CDD2005A8973 /* PBXContainerItemProxy */ = {
			isa = PBXContainerItemProxy;
			containerPortal = D5A485511B48CDD2005A8973 /* Project object */;
			proxyType = 1;
			remoteGlobalIDString = D5A485581B48CDD2005A8973;
			remoteInfo = BluetoothTest;
		};
/* End PBXContainerItemProxy section */

/* Begin PBXCopyFilesBuildPhase section */
		D5EAC55F1D55B0850092BAFC /* Embed Watch Content */ = {
			isa = PBXCopyFilesBuildPhase;
			buildActionMask = 2147483647;
			dstPath = "$(CONTENTS_FOLDER_PATH)/Watch";
			dstSubfolderSpec = 16;
			files = (
			);
			name = "Embed Watch Content";
			runOnlyForDeploymentPostprocessing = 0;
		};
		D5EAC5671D55B1A50092BAFC /* Embed Frameworks */ = {
			isa = PBXCopyFilesBuildPhase;
			buildActionMask = 2147483647;
			dstPath = "";
			dstSubfolderSpec = 10;
			files = (
			);
			name = "Embed Frameworks";
			runOnlyForDeploymentPostprocessing = 0;
		};
/* End PBXCopyFilesBuildPhase section */

/* Begin PBXFileReference section */
		D5A485591B48CDD2005A8973 /* BluetoothTest.app */ = {isa = PBXFileReference; explicitFileType = wrapper.application; includeInIndex = 0; path = BluetoothTest.app; sourceTree = BUILT_PRODUCTS_DIR; };
		D5A4855D1B48CDD2005A8973 /* Info.plist */ = {isa = PBXFileReference; lastKnownFileType = text.plist.xml; path = Info.plist; sourceTree = "<group>"; };
		D5A4855E1B48CDD2005A8973 /* main.m */ = {isa = PBXFileReference; lastKnownFileType = sourcecode.c.objc; path = main.m; sourceTree = "<group>"; };
		D5A485601B48CDD2005A8973 /* AppDelegate.h */ = {isa = PBXFileReference; lastKnownFileType = sourcecode.c.h; path = AppDelegate.h; sourceTree = "<group>"; };
		D5A485611B48CDD2005A8973 /* AppDelegate.m */ = {isa = PBXFileReference; lastKnownFileType = sourcecode.c.objc; path = AppDelegate.m; sourceTree = "<group>"; };
		D5A485631B48CDD2005A8973 /* ViewController.h */ = {isa = PBXFileReference; lastKnownFileType = sourcecode.c.h; path = ViewController.h; sourceTree = "<group>"; };
		D5A485641B48CDD2005A8973 /* ViewController.m */ = {isa = PBXFileReference; lastKnownFileType = sourcecode.c.objc; path = ViewController.m; sourceTree = "<group>"; };
		D5A485671B48CDD2005A8973 /* Base */ = {isa = PBXFileReference; lastKnownFileType = file.storyboard; name = Base; path = Base.lproj/Main.storyboard; sourceTree = "<group>"; };
		D5A485691B48CDD2005A8973 /* Images.xcassets */ = {isa = PBXFileReference; lastKnownFileType = folder.assetcatalog; path = Images.xcassets; sourceTree = "<group>"; };
		D5A4856C1B48CDD2005A8973 /* Base */ = {isa = PBXFileReference; lastKnownFileType = file.xib; name = Base; path = Base.lproj/LaunchScreen.xib; sourceTree = "<group>"; };
		D5A485721B48CDD2005A8973 /* BluetoothTestTests.xctest */ = {isa = PBXFileReference; explicitFileType = wrapper.cfbundle; includeInIndex = 0; path = BluetoothTestTests.xctest; sourceTree = BUILT_PRODUCTS_DIR; };
		D5A485771B48CDD2005A8973 /* Info.plist */ = {isa = PBXFileReference; lastKnownFileType = text.plist.xml; path = Info.plist; sourceTree = "<group>"; };
		D5A485781B48CDD2005A8973 /* BluetoothTestTests.m */ = {isa = PBXFileReference; lastKnownFileType = sourcecode.c.objc; path = BluetoothTestTests.m; sourceTree = "<group>"; };
		D5A485821B48CEE0005A8973 /* AdvertiseViewController.h */ = {isa = PBXFileReference; fileEncoding = 4; lastKnownFileType = sourcecode.c.h; path = AdvertiseViewController.h; sourceTree = "<group>"; };
		D5A485831B48CEE0005A8973 /* AdvertiseViewController.m */ = {isa = PBXFileReference; fileEncoding = 4; lastKnownFileType = sourcecode.c.objc; path = AdvertiseViewController.m; sourceTree = "<group>"; };
		D5A485851B48CF13005A8973 /* ScanViewController.h */ = {isa = PBXFileReference; fileEncoding = 4; lastKnownFileType = sourcecode.c.h; path = ScanViewController.h; sourceTree = "<group>"; };
		D5A485861B48CF13005A8973 /* ScanViewController.m */ = {isa = PBXFileReference; fileEncoding = 4; lastKnownFileType = sourcecode.c.objc; path = ScanViewController.m; sourceTree = "<group>"; };
		D5A485881B48CF45005A8973 /* Advertiser.h */ = {isa = PBXFileReference; fileEncoding = 4; lastKnownFileType = sourcecode.c.h; path = Advertiser.h; sourceTree = "<group>"; };
		D5A485891B48CF45005A8973 /* Advertiser.m */ = {isa = PBXFileReference; fileEncoding = 4; lastKnownFileType = sourcecode.c.objc; path = Advertiser.m; sourceTree = "<group>"; };
		D5A4858B1B48CFB7005A8973 /* Constants.h */ = {isa = PBXFileReference; lastKnownFileType = sourcecode.c.h; path = Constants.h; sourceTree = "<group>"; };
		D5A4858C1B48D1F9005A8973 /* Scanner.h */ = {isa = PBXFileReference; fileEncoding = 4; lastKnownFileType = sourcecode.c.h; path = Scanner.h; sourceTree = "<group>"; };
		D5A4858D1B48D1F9005A8973 /* Scanner.m */ = {isa = PBXFileReference; fileEncoding = 4; lastKnownFileType = sourcecode.c.objc; path = Scanner.m; sourceTree = "<group>"; };
		D5E19F7D1D6C194A0062D299 /* CoreLocation.framework */ = {isa = PBXFileReference; lastKnownFileType = wrapper.framework; name = CoreLocation.framework; path = System/Library/Frameworks/CoreLocation.framework; sourceTree = SDKROOT; };
		D5E19F7F1D6C194E0062D299 /* CoreBluetooth.framework */ = {isa = PBXFileReference; lastKnownFileType = wrapper.framework; name = CoreBluetooth.framework; path = System/Library/Frameworks/CoreBluetooth.framework; sourceTree = SDKROOT; };
		D5E19F811D6C195B0062D299 /* libicucore.tbd */ = {isa = PBXFileReference; lastKnownFileType = "sourcecode.text-based-dylib-definition"; name = libicucore.tbd; path = usr/lib/libicucore.tbd; sourceTree = SDKROOT; };
		D5E19F831D6C19630062D299 /* CFNetwork.framework */ = {isa = PBXFileReference; lastKnownFileType = wrapper.framework; name = CFNetwork.framework; path = System/Library/Frameworks/CFNetwork.framework; sourceTree = SDKROOT; };
		D5E19F851D6C196A0062D299 /* Security.framework */ = {isa = PBXFileReference; lastKnownFileType = wrapper.framework; name = Security.framework; path = System/Library/Frameworks/Security.framework; sourceTree = SDKROOT; };
		D5E19F871D6C196E0062D299 /* Foundation.framework */ = {isa = PBXFileReference; lastKnownFileType = wrapper.framework; name = Foundation.framework; path = System/Library/Frameworks/Foundation.framework; sourceTree = SDKROOT; };
/* End PBXFileReference section */

/* Begin PBXFrameworksBuildPhase section */
		D5A485561B48CDD2005A8973 /* Frameworks */ = {
			isa = PBXFrameworksBuildPhase;
			buildActionMask = 2147483647;
			files = (
				D5E19F881D6C196E0062D299 /* Foundation.framework in Frameworks */,
				D5E19F861D6C196A0062D299 /* Security.framework in Frameworks */,
				D5E19F841D6C19630062D299 /* CFNetwork.framework in Frameworks */,
				D5E19F821D6C195B0062D299 /* libicucore.tbd in Frameworks */,
				D5E19F801D6C194E0062D299 /* CoreBluetooth.framework in Frameworks */,
				D5E19F7E1D6C194A0062D299 /* CoreLocation.framework in Frameworks */,
			);
			runOnlyForDeploymentPostprocessing = 0;
		};
		D5A4856F1B48CDD2005A8973 /* Frameworks */ = {
			isa = PBXFrameworksBuildPhase;
			buildActionMask = 2147483647;
			files = (
			);
			runOnlyForDeploymentPostprocessing = 0;
		};
/* End PBXFrameworksBuildPhase section */

/* Begin PBXGroup section */
		D5A485501B48CDD2005A8973 = {
			isa = PBXGroup;
			children = (
				D5A4855B1B48CDD2005A8973 /* BluetoothTest */,
				D5A485751B48CDD2005A8973 /* BluetoothTestTests */,
				D5A4855A1B48CDD2005A8973 /* Products */,
				D5EAC5601D55B10E0092BAFC /* Frameworks */,
			);
			sourceTree = "<group>";
		};
		D5A4855A1B48CDD2005A8973 /* Products */ = {
			isa = PBXGroup;
			children = (
				D5A485591B48CDD2005A8973 /* BluetoothTest.app */,
				D5A485721B48CDD2005A8973 /* BluetoothTestTests.xctest */,
			);
			name = Products;
			sourceTree = "<group>";
		};
		D5A4855B1B48CDD2005A8973 /* BluetoothTest */ = {
			isa = PBXGroup;
			children = (
				D5A485601B48CDD2005A8973 /* AppDelegate.h */,
				D5A485611B48CDD2005A8973 /* AppDelegate.m */,
				D5A485631B48CDD2005A8973 /* ViewController.h */,
				D5A485641B48CDD2005A8973 /* ViewController.m */,
				D5A485661B48CDD2005A8973 /* Main.storyboard */,
				D5A485821B48CEE0005A8973 /* AdvertiseViewController.h */,
				D5A485831B48CEE0005A8973 /* AdvertiseViewController.m */,
				D5A485851B48CF13005A8973 /* ScanViewController.h */,
				D5A485861B48CF13005A8973 /* ScanViewController.m */,
				D5A485881B48CF45005A8973 /* Advertiser.h */,
				D5A485891B48CF45005A8973 /* Advertiser.m */,
				D5A4858C1B48D1F9005A8973 /* Scanner.h */,
				D5A4858D1B48D1F9005A8973 /* Scanner.m */,
				D5A4858B1B48CFB7005A8973 /* Constants.h */,
				D5A485691B48CDD2005A8973 /* Images.xcassets */,
				D5A4856B1B48CDD2005A8973 /* LaunchScreen.xib */,
				D5A4855C1B48CDD2005A8973 /* Supporting Files */,
			);
			path = BluetoothTest;
			sourceTree = "<group>";
		};
		D5A4855C1B48CDD2005A8973 /* Supporting Files */ = {
			isa = PBXGroup;
			children = (
				D5A4855D1B48CDD2005A8973 /* Info.plist */,
				D5A4855E1B48CDD2005A8973 /* main.m */,
			);
			name = "Supporting Files";
			sourceTree = "<group>";
		};
		D5A485751B48CDD2005A8973 /* BluetoothTestTests */ = {
			isa = PBXGroup;
			children = (
				D5A485781B48CDD2005A8973 /* BluetoothTestTests.m */,
				D5A485761B48CDD2005A8973 /* Supporting Files */,
			);
			path = BluetoothTestTests;
			sourceTree = "<group>";
		};
		D5A485761B48CDD2005A8973 /* Supporting Files */ = {
			isa = PBXGroup;
			children = (
				D5A485771B48CDD2005A8973 /* Info.plist */,
			);
			name = "Supporting Files";
			sourceTree = "<group>";
		};
		D5EAC5601D55B10E0092BAFC /* Frameworks */ = {
			isa = PBXGroup;
			children = (
				D5E19F871D6C196E0062D299 /* Foundation.framework */,
				D5E19F851D6C196A0062D299 /* Security.framework */,
				D5E19F831D6C19630062D299 /* CFNetwork.framework */,
				D5E19F811D6C195B0062D299 /* libicucore.tbd */,
				D5E19F7F1D6C194E0062D299 /* CoreBluetooth.framework */,
				D5E19F7D1D6C194A0062D299 /* CoreLocation.framework */,
			);
			name = Frameworks;
			sourceTree = "<group>";
		};
/* End PBXGroup section */

/* Begin PBXNativeTarget section */
		D5A485581B48CDD2005A8973 /* BluetoothTest */ = {
			isa = PBXNativeTarget;
			buildConfigurationList = D5A4857C1B48CDD2005A8973 /* Build configuration list for PBXNativeTarget "BluetoothTest" */;
			buildPhases = (
				D5A485551B48CDD2005A8973 /* Sources */,
				D5A485561B48CDD2005A8973 /* Frameworks */,
				D5A485571B48CDD2005A8973 /* Resources */,
				D5EAC55F1D55B0850092BAFC /* Embed Watch Content */,
				D5EAC5671D55B1A50092BAFC /* Embed Frameworks */,
			);
			buildRules = (
			);
			dependencies = (
			);
			name = BluetoothTest;
			productName = BluetoothTest;
			productReference = D5A485591B48CDD2005A8973 /* BluetoothTest.app */;
			productType = "com.apple.product-type.application";
		};
		D5A485711B48CDD2005A8973 /* BluetoothTestTests */ = {
			isa = PBXNativeTarget;
			buildConfigurationList = D5A4857F1B48CDD2005A8973 /* Build configuration list for PBXNativeTarget "BluetoothTestTests" */;
			buildPhases = (
				D5A4856E1B48CDD2005A8973 /* Sources */,
				D5A4856F1B48CDD2005A8973 /* Frameworks */,
				D5A485701B48CDD2005A8973 /* Resources */,
			);
			buildRules = (
			);
			dependencies = (
				D5A485741B48CDD2005A8973 /* PBXTargetDependency */,
			);
			name = BluetoothTestTests;
			productName = BluetoothTestTests;
			productReference = D5A485721B48CDD2005A8973 /* BluetoothTestTests.xctest */;
			productType = "com.apple.product-type.bundle.unit-test";
		};
/* End PBXNativeTarget section */

/* Begin PBXProject section */
		D5A485511B48CDD2005A8973 /* Project object */ = {
			isa = PBXProject;
			attributes = {
				LastUpgradeCheck = 0800;
				ORGANIZATIONNAME = BlueTest;
				TargetAttributes = {
					D5A485581B48CDD2005A8973 = {
						CreatedOnToolsVersion = 6.4;
						DevelopmentTeam = ZKREFD9LS9;
						SystemCapabilities = {
							com.apple.BackgroundModes = {
								enabled = 1;
							};
						};
					};
					D5A485711B48CDD2005A8973 = {
						CreatedOnToolsVersion = 6.4;
						DevelopmentTeam = ZKREFD9LS9;
						TestTargetID = D5A485581B48CDD2005A8973;
					};
				};
			};
			buildConfigurationList = D5A485541B48CDD2005A8973 /* Build configuration list for PBXProject "BluetoothTest" */;
			compatibilityVersion = "Xcode 3.2";
			developmentRegion = English;
			hasScannedForEncodings = 0;
			knownRegions = (
				en,
				Base,
			);
			mainGroup = D5A485501B48CDD2005A8973;
			productRefGroup = D5A4855A1B48CDD2005A8973 /* Products */;
			projectDirPath = "";
			projectRoot = "";
			targets = (
				D5A485581B48CDD2005A8973 /* BluetoothTest */,
				D5A485711B48CDD2005A8973 /* BluetoothTestTests */,
			);
		};
/* End PBXProject section */

/* Begin PBXResourcesBuildPhase section */
		D5A485571B48CDD2005A8973 /* Resources */ = {
			isa = PBXResourcesBuildPhase;
			buildActionMask = 2147483647;
			files = (
				D5A485681B48CDD2005A8973 /* Main.storyboard in Resources */,
				D5A4856D1B48CDD2005A8973 /* LaunchScreen.xib in Resources */,
				D5A4856A1B48CDD2005A8973 /* Images.xcassets in Resources */,
			);
			runOnlyForDeploymentPostprocessing = 0;
		};
		D5A485701B48CDD2005A8973 /* Resources */ = {
			isa = PBXResourcesBuildPhase;
			buildActionMask = 2147483647;
			files = (
			);
			runOnlyForDeploymentPostprocessing = 0;
		};
/* End PBXResourcesBuildPhase section */

/* Begin PBXSourcesBuildPhase section */
		D5A485551B48CDD2005A8973 /* Sources */ = {
			isa = PBXSourcesBuildPhase;
			buildActionMask = 2147483647;
			files = (
				D5A485651B48CDD2005A8973 /* ViewController.m in Sources */,
				D5A485871B48CF13005A8973 /* ScanViewController.m in Sources */,
				D5A485621B48CDD2005A8973 /* AppDelegate.m in Sources */,
				D5A485841B48CEE0005A8973 /* AdvertiseViewController.m in Sources */,
				D5A4858A1B48CF45005A8973 /* Advertiser.m in Sources */,
				D5A4858E1B48D1F9005A8973 /* Scanner.m in Sources */,
				D5A4855F1B48CDD2005A8973 /* main.m in Sources */,
			);
			runOnlyForDeploymentPostprocessing = 0;
		};
		D5A4856E1B48CDD2005A8973 /* Sources */ = {
			isa = PBXSourcesBuildPhase;
			buildActionMask = 2147483647;
			files = (
				D5A485791B48CDD2005A8973 /* BluetoothTestTests.m in Sources */,
			);
			runOnlyForDeploymentPostprocessing = 0;
		};
/* End PBXSourcesBuildPhase section */

/* Begin PBXTargetDependency section */
		D5A485741B48CDD2005A8973 /* PBXTargetDependency */ = {
			isa = PBXTargetDependency;
			target = D5A485581B48CDD2005A8973 /* BluetoothTest */;
			targetProxy = D5A485731B48CDD2005A8973 /* PBXContainerItemProxy */;
		};
/* End PBXTargetDependency section */

/* Begin PBXVariantGroup section */
		D5A485661B48CDD2005A8973 /* Main.storyboard */ = {
			isa = PBXVariantGroup;
			children = (
				D5A485671B48CDD2005A8973 /* Base */,
			);
			name = Main.storyboard;
			sourceTree = "<group>";
		};
		D5A4856B1B48CDD2005A8973 /* LaunchScreen.xib */ = {
			isa = PBXVariantGroup;
			children = (
				D5A4856C1B48CDD2005A8973 /* Base */,
			);
			name = LaunchScreen.xib;
			sourceTree = "<group>";
		};
/* End PBXVariantGroup section */

/* Begin XCBuildConfiguration section */
		D5A4857A1B48CDD2005A8973 /* Debug */ = {
			isa = XCBuildConfiguration;
			buildSettings = {
				ALWAYS_SEARCH_USER_PATHS = NO;
				CLANG_CXX_LANGUAGE_STANDARD = "gnu++0x";
				CLANG_CXX_LIBRARY = "libc++";
				CLANG_ENABLE_MODULES = YES;
				CLANG_ENABLE_OBJC_ARC = YES;
				CLANG_WARN_BOOL_CONVERSION = YES;
				CLANG_WARN_CONSTANT_CONVERSION = YES;
				CLANG_WARN_DIRECT_OBJC_ISA_USAGE = YES_ERROR;
				CLANG_WARN_EMPTY_BODY = YES;
				CLANG_WARN_ENUM_CONVERSION = YES;
				CLANG_WARN_INFINITE_RECURSION = YES;
				CLANG_WARN_INT_CONVERSION = YES;
				CLANG_WARN_OBJC_ROOT_CLASS = YES_ERROR;
				CLANG_WARN_SUSPICIOUS_MOVE = YES;
				CLANG_WARN_UNREACHABLE_CODE = YES;
				CLANG_WARN__DUPLICATE_METHOD_MATCH = YES;
				CODE_SIGN_IDENTITY = "iPhone Developer";
				"CODE_SIGN_IDENTITY[sdk=iphoneos*]" = "iPhone Developer";
				COPY_PHASE_STRIP = NO;
				DEBUG_INFORMATION_FORMAT = "dwarf-with-dsym";
				ENABLE_STRICT_OBJC_MSGSEND = YES;
				ENABLE_TESTABILITY = YES;
				GCC_C_LANGUAGE_STANDARD = gnu99;
				GCC_DYNAMIC_NO_PIC = NO;
				GCC_NO_COMMON_BLOCKS = YES;
				GCC_OPTIMIZATION_LEVEL = 0;
				GCC_PREPROCESSOR_DEFINITIONS = (
					"DEBUG=1",
					"$(inherited)",
				);
				GCC_SYMBOLS_PRIVATE_EXTERN = NO;
				GCC_WARN_64_TO_32_BIT_CONVERSION = YES;
				GCC_WARN_ABOUT_RETURN_TYPE = YES_ERROR;
				GCC_WARN_UNDECLARED_SELECTOR = YES;
				GCC_WARN_UNINITIALIZED_AUTOS = YES_AGGRESSIVE;
				GCC_WARN_UNUSED_FUNCTION = YES;
				GCC_WARN_UNUSED_VARIABLE = YES;
				IPHONEOS_DEPLOYMENT_TARGET = 8.4;
				MTL_ENABLE_DEBUG_INFO = YES;
				ONLY_ACTIVE_ARCH = YES;
				SDKROOT = iphoneos;
			};
			name = Debug;
		};
		D5A4857B1B48CDD2005A8973 /* Release */ = {
			isa = XCBuildConfiguration;
			buildSettings = {
				ALWAYS_SEARCH_USER_PATHS = NO;
				CLANG_CXX_LANGUAGE_STANDARD = "gnu++0x";
				CLANG_CXX_LIBRARY = "libc++";
				CLANG_ENABLE_MODULES = YES;
				CLANG_ENABLE_OBJC_ARC = YES;
				CLANG_WARN_BOOL_CONVERSION = YES;
				CLANG_WARN_CONSTANT_CONVERSION = YES;
				CLANG_WARN_DIRECT_OBJC_ISA_USAGE = YES_ERROR;
				CLANG_WARN_EMPTY_BODY = YES;
				CLANG_WARN_ENUM_CONVERSION = YES;
				CLANG_WARN_INFINITE_RECURSION = YES;
				CLANG_WARN_INT_CONVERSION = YES;
				CLANG_WARN_OBJC_ROOT_CLASS = YES_ERROR;
				CLANG_WARN_SUSPICIOUS_MOVE = YES;
				CLANG_WARN_UNREACHABLE_CODE = YES;
				CLANG_WARN__DUPLICATE_METHOD_MATCH = YES;
				CODE_SIGN_IDENTITY = "iPhone Developer";
				"CODE_SIGN_IDENTITY[sdk=iphoneos*]" = "iPhone Developer";
				COPY_PHASE_STRIP = NO;
				DEBUG_INFORMATION_FORMAT = "dwarf-with-dsym";
				ENABLE_NS_ASSERTIONS = NO;
				ENABLE_STRICT_OBJC_MSGSEND = YES;
				GCC_C_LANGUAGE_STANDARD = gnu99;
				GCC_NO_COMMON_BLOCKS = YES;
				GCC_WARN_64_TO_32_BIT_CONVERSION = YES;
				GCC_WARN_ABOUT_RETURN_TYPE = YES_ERROR;
				GCC_WARN_UNDECLARED_SELECTOR = YES;
				GCC_WARN_UNINITIALIZED_AUTOS = YES_AGGRESSIVE;
				GCC_WARN_UNUSED_FUNCTION = YES;
				GCC_WARN_UNUSED_VARIABLE = YES;
				IPHONEOS_DEPLOYMENT_TARGET = 8.4;
				MTL_ENABLE_DEBUG_INFO = NO;
				SDKROOT = iphoneos;
				VALIDATE_PRODUCT = YES;
			};
			name = Release;
		};
		D5A4857D1B48CDD2005A8973 /* Debug */ = {
			isa = XCBuildConfiguration;
			buildSettings = {
				ASSETCATALOG_COMPILER_APPICON_NAME = AppIcon;
				CODE_SIGN_IDENTITY = "iPhone Developer";
				DEVELOPMENT_TEAM = ZKREFD9LS9;
				ENABLE_BITCODE = NO;
				FRAMEWORK_SEARCH_PATHS = (
					"$(inherited)",
					"$(PROJECT_DIR)/BluetoothTest",
				);
				INFOPLIST_FILE = BluetoothTest/Info.plist;
				IPHONEOS_DEPLOYMENT_TARGET = 8.0;
				LD_RUNPATH_SEARCH_PATHS = "$(inherited) @executable_path/Frameworks";
				PRODUCT_BUNDLE_IDENTIFIER = com.bluetoothtest.BluetoothTest1;
				PRODUCT_NAME = "$(TARGET_NAME)";
			};
			name = Debug;
		};
		D5A4857E1B48CDD2005A8973 /* Release */ = {
			isa = XCBuildConfiguration;
			buildSettings = {
				ASSETCATALOG_COMPILER_APPICON_NAME = AppIcon;
				CODE_SIGN_IDENTITY = "iPhone Developer";
				DEVELOPMENT_TEAM = ZKREFD9LS9;
				ENABLE_BITCODE = NO;
				FRAMEWORK_SEARCH_PATHS = (
					"$(inherited)",
					"$(PROJECT_DIR)/BluetoothTest",
				);
				INFOPLIST_FILE = BluetoothTest/Info.plist;
				IPHONEOS_DEPLOYMENT_TARGET = 8.0;
				LD_RUNPATH_SEARCH_PATHS = "$(inherited) @executable_path/Frameworks";
				PRODUCT_BUNDLE_IDENTIFIER = com.bluetoothtest.BluetoothTest1;
				PRODUCT_NAME = "$(TARGET_NAME)";
			};
			name = Release;
		};
		D5A485801B48CDD2005A8973 /* Debug */ = {
			isa = XCBuildConfiguration;
			buildSettings = {
				BUNDLE_LOADER = "$(TEST_HOST)";
				DEVELOPMENT_TEAM = ZKREFD9LS9;
				FRAMEWORK_SEARCH_PATHS = (
					"$(SDKROOT)/Developer/Library/Frameworks",
					"$(inherited)",
				);
				GCC_PREPROCESSOR_DEFINITIONS = (
					"DEBUG=1",
					"$(inherited)",
				);
				INFOPLIST_FILE = BluetoothTestTests/Info.plist;
				LD_RUNPATH_SEARCH_PATHS = "$(inherited) @executable_path/Frameworks @loader_path/Frameworks";
				PRODUCT_BUNDLE_IDENTIFIER = "com.bluetoothtest.$(PRODUCT_NAME:rfc1034identifier)";
				PRODUCT_NAME = "$(TARGET_NAME)";
				TEST_HOST = "$(BUILT_PRODUCTS_DIR)/BluetoothTest.app/BluetoothTest";
			};
			name = Debug;
		};
		D5A485811B48CDD2005A8973 /* Release */ = {
			isa = XCBuildConfiguration;
			buildSettings = {
				BUNDLE_LOADER = "$(TEST_HOST)";
				DEVELOPMENT_TEAM = ZKREFD9LS9;
				FRAMEWORK_SEARCH_PATHS = (
					"$(SDKROOT)/Developer/Library/Frameworks",
					"$(inherited)",
				);
				INFOPLIST_FILE = BluetoothTestTests/Info.plist;
				LD_RUNPATH_SEARCH_PATHS = "$(inherited) @executable_path/Frameworks @loader_path/Frameworks";
				PRODUCT_BUNDLE_IDENTIFIER = "com.bluetoothtest.$(PRODUCT_NAME:rfc1034identifier)";
				PRODUCT_NAME = "$(TARGET_NAME)";
				TEST_HOST = "$(BUILT_PRODUCTS_DIR)/BluetoothTest.app/BluetoothTest";
			};
			name = Release;
		};
/* End XCBuildConfiguration section */

/* Begin XCConfigurationList section */
		D5A485541B48CDD2005A8973 /* Build configuration list for PBXProject "BluetoothTest" */ = {
			isa = XCConfigurationList;
			buildConfigurations = (
				D5A4857A1B48CDD2005A8973 /* Debug */,
				D5A4857B1B48CDD2005A8973 /* Release */,
			);
			defaultConfigurationIsVisible = 0;
			defaultConfigurationName = Release;
		};
		D5A4857C1B48CDD2005A8973 /* Build configuration list for PBXNativeTarget "BluetoothTest" */ = {
			isa = XCConfigurationList;
			buildConfigurations = (
				D5A4857D1B48CDD2005A8973 /* Debug */,
				D5A4857E1B48CDD2005A8973 /* Release */,
			);
			defaultConfigurationIsVisible = 0;
			defaultConfigurationName = Release;
		};
		D5A4857F1B48CDD2005A8973 /* Build configuration list for PBXNativeTarget "BluetoothTestTests" */ = {
			isa = XCConfigurationList;
			buildConfigurations = (
				D5A485801B48CDD2005A8973 /* Debug */,
				D5A485811B48CDD2005A8973 /* Release */,
			);
			defaultConfigurationIsVisible = 0;
			defaultConfigurationName = Release;
		};
/* End XCConfigurationList section */
	};
	rootObject = D5A485511B48CDD2005A8973 /* Project object */;
}
